
Microsoft Visual Studio Solution File, Format Version 12.00
# Visual Studio Version 17
VisualStudioVersion = 17.2.32526.322
MinimumVisualStudioVersion = 10.0.40219.1
Project("{9A19103F-16F7-4668-BE54-9A1E7A4F7556}") = "DeepRockGalacticSaveSyncer", "DeepRockGalacticSaveSyncer\DeepRockGalacticSaveSyncer.csproj", "{F55CFAA7-8EEE-4D53-9BE3-7275D4F842C7}"
EndProject
Global
	GlobalSection(SolutionConfigurationPlatforms) = preSolution
		Debug|Any CPU = Debug|Any CPU
		Release|Any CPU = Release|Any CPU
	EndGlobalSection
	GlobalSection(ProjectConfigurationPlatforms) = postSolution
		{F55CFAA7-8EEE-4D53-9BE3-7275D4F842C7}.Debug|Any CPU.ActiveCfg = Debug|Any CPU
		{F55CFAA7-8EEE-4D53-9BE3-7275D4F842C7}.Debug|Any CPU.Build.0 = Debug|Any CPU
		{F55CFAA7-8EEE-4D53-9BE3-7275D4F842C7}.Release|Any CPU.ActiveCfg = Release|Any CPU
		{F55CFAA7-8EEE-4D53-9BE3-7275D4F842C7}.Release|Any CPU.Build.0 = Release|Any CPU
	EndGlobalSection
	GlobalSection(SolutionProperties) = preSolution
		HideSolutionNode = FALSE
	EndGlobalSection
	GlobalSection(ExtensibilityGlobals) = postSolution
		SolutionGuid = {DB400F00-D65E-4390-8CC3-48229C57A7DE}
	EndGlobalSection
EndGlobal
